// !$*UTF8*$!
{
	archiveVersion = 1;
	classes = {
	};
	objectVersion = 55;
	objects = {

/* Begin PBXBuildFile section */
		8926FBF9289D7E5300252875 /* FlashCardApp.swift in Sources */ = {isa = PBXBuildFile; fileRef = 8926FBF8289D7E5300252875 /* FlashCardApp.swift */; };
		8926FBFB289D7E5300252875 /* MainView.swift in Sources */ = {isa = PBXBuildFile; fileRef = 8926FBFA289D7E5300252875 /* MainView.swift */; };
		8926FBFD289D7E5300252875 /* Assets.xcassets in Resources */ = {isa = PBXBuildFile; fileRef = 8926FBFC289D7E5300252875 /* Assets.xcassets */; };
		8926FC00289D7E5300252875 /* Preview Assets.xcassets in Resources */ = {isa = PBXBuildFile; fileRef = 8926FBFF289D7E5300252875 /* Preview Assets.xcassets */; };
		8926FC07289D7F2700252875 /* FlashCardModel.swift in Sources */ = {isa = PBXBuildFile; fileRef = 8926FC06289D7F2700252875 /* FlashCardModel.swift */; };
		8926FC09289D7FAD00252875 /* FlashCardViewModel.swift in Sources */ = {isa = PBXBuildFile; fileRef = 8926FC08289D7FAD00252875 /* FlashCardViewModel.swift */; };
		8926FC0B289D81A300252875 /* ListView.swift in Sources */ = {isa = PBXBuildFile; fileRef = 8926FC0A289D81A300252875 /* ListView.swift */; };
		8926FC0F289D83A400252875 /* SettingsView.swift in Sources */ = {isa = PBXBuildFile; fileRef = 8926FC0E289D83A400252875 /* SettingsView.swift */; };
		8926FC11289D83FC00252875 /* AddPlaylistView.swift in Sources */ = {isa = PBXBuildFile; fileRef = 8926FC10289D83FC00252875 /* AddPlaylistView.swift */; };
		8926FC13289D841200252875 /* FlashCardView.swift in Sources */ = {isa = PBXBuildFile; fileRef = 8926FC12289D841200252875 /* FlashCardView.swift */; };
		8926FC15289D84AF00252875 /* PlaylistView.swift in Sources */ = {isa = PBXBuildFile; fileRef = 8926FC14289D84AF00252875 /* PlaylistView.swift */; };
		898457A1289FF36F005309C5 /* WelcomeView.swift in Sources */ = {isa = PBXBuildFile; fileRef = 898457A0289FF36F005309C5 /* WelcomeView.swift */; };
		898457A3289FF8CF005309C5 /* Enum.swift in Sources */ = {isa = PBXBuildFile; fileRef = 898457A2289FF8CF005309C5 /* Enum.swift */; };
		898457A7289FF997005309C5 /* DrawingConstants.swift in Sources */ = {isa = PBXBuildFile; fileRef = 898457A6289FF997005309C5 /* DrawingConstants.swift */; };
		898457A9289FFADA005309C5 /* AddFlashCardView.swift in Sources */ = {isa = PBXBuildFile; fileRef = 898457A8289FFADA005309C5 /* AddFlashCardView.swift */; };
		89D8B85028A02926006F799C /* PageView.swift in Sources */ = {isa = PBXBuildFile; fileRef = 89D8B84F28A02926006F799C /* PageView.swift */; };
/* End PBXBuildFile section */

/* Begin PBXFileReference section */
		8926FBF5289D7E5300252875 /* FlashCard.app */ = {isa = PBXFileReference; explicitFileType = wrapper.application; includeInIndex = 0; path = FlashCard.app; sourceTree = BUILT_PRODUCTS_DIR; };
		8926FBF8289D7E5300252875 /* FlashCardApp.swift */ = {isa = PBXFileReference; lastKnownFileType = sourcecode.swift; path = FlashCardApp.swift; sourceTree = "<group>"; };
		8926FBFA289D7E5300252875 /* MainView.swift */ = {isa = PBXFileReference; lastKnownFileType = sourcecode.swift; path = MainView.swift; sourceTree = "<group>"; };
		8926FBFC289D7E5300252875 /* Assets.xcassets */ = {isa = PBXFileReference; lastKnownFileType = folder.assetcatalog; path = Assets.xcassets; sourceTree = "<group>"; };
		8926FBFF289D7E5300252875 /* Preview Assets.xcassets */ = {isa = PBXFileReference; lastKnownFileType = folder.assetcatalog; path = "Preview Assets.xcassets"; sourceTree = "<group>"; };
		8926FC06289D7F2700252875 /* FlashCardModel.swift */ = {isa = PBXFileReference; lastKnownFileType = sourcecode.swift; path = FlashCardModel.swift; sourceTree = "<group>"; };
		8926FC08289D7FAD00252875 /* FlashCardViewModel.swift */ = {isa = PBXFileReference; lastKnownFileType = sourcecode.swift; path = FlashCardViewModel.swift; sourceTree = "<group>"; };
		8926FC0A289D81A300252875 /* ListView.swift */ = {isa = PBXFileReference; lastKnownFileType = sourcecode.swift; path = ListView.swift; sourceTree = "<group>"; };
		8926FC0E289D83A400252875 /* SettingsView.swift */ = {isa = PBXFileReference; lastKnownFileType = sourcecode.swift; path = SettingsView.swift; sourceTree = "<group>"; };
		8926FC10289D83FC00252875 /* AddPlaylistView.swift */ = {isa = PBXFileReference; lastKnownFileType = sourcecode.swift; path = AddPlaylistView.swift; sourceTree = "<group>"; };
		8926FC12289D841200252875 /* FlashCardView.swift */ = {isa = PBXFileReference; lastKnownFileType = sourcecode.swift; path = FlashCardView.swift; sourceTree = "<group>"; };
		8926FC14289D84AF00252875 /* PlaylistView.swift */ = {isa = PBXFileReference; lastKnownFileType = sourcecode.swift; path = PlaylistView.swift; sourceTree = "<group>"; };
		898457A0289FF36F005309C5 /* WelcomeView.swift */ = {isa = PBXFileReference; lastKnownFileType = sourcecode.swift; path = WelcomeView.swift; sourceTree = "<group>"; };
		898457A2289FF8CF005309C5 /* Enum.swift */ = {isa = PBXFileReference; lastKnownFileType = sourcecode.swift; path = Enum.swift; sourceTree = "<group>"; };
		898457A6289FF997005309C5 /* DrawingConstants.swift */ = {isa = PBXFileReference; lastKnownFileType = sourcecode.swift; path = DrawingConstants.swift; sourceTree = "<group>"; };
		898457A8289FFADA005309C5 /* AddFlashCardView.swift */ = {isa = PBXFileReference; lastKnownFileType = sourcecode.swift; path = AddFlashCardView.swift; sourceTree = "<group>"; };
		89D8B84F28A02926006F799C /* PageView.swift */ = {isa = PBXFileReference; lastKnownFileType = sourcecode.swift; path = PageView.swift; sourceTree = "<group>"; };
/* End PBXFileReference section */

/* Begin PBXFrameworksBuildPhase section */
		8926FBF2289D7E5300252875 /* Frameworks */ = {
			isa = PBXFrameworksBuildPhase;
			buildActionMask = 2147483647;
			files = (
			);
			runOnlyForDeploymentPostprocessing = 0;
		};
/* End PBXFrameworksBuildPhase section */

/* Begin PBXGroup section */
		8926FBEC289D7E5300252875 = {
			isa = PBXGroup;
			children = (
				8926FBF7289D7E5300252875 /* FlashCard */,
				8926FBF6289D7E5300252875 /* Products */,
			);
			sourceTree = "<group>";
		};
		8926FBF6289D7E5300252875 /* Products */ = {
			isa = PBXGroup;
			children = (
				8926FBF5289D7E5300252875 /* FlashCard.app */,
			);
			name = Products;
			sourceTree = "<group>";
		};
		8926FBF7289D7E5300252875 /* FlashCard */ = {
			isa = PBXGroup;
			children = (
				8926FBF8289D7E5300252875 /* FlashCardApp.swift */,
				8926FC06289D7F2700252875 /* FlashCardModel.swift */,
				8926FC08289D7FAD00252875 /* FlashCardViewModel.swift */,
				8926FBFA289D7E5300252875 /* MainView.swift */,
				898457A0289FF36F005309C5 /* WelcomeView.swift */,
				8926FC10289D83FC00252875 /* AddPlaylistView.swift */,
				8926FC0A289D81A300252875 /* ListView.swift */,
				8926FC14289D84AF00252875 /* PlaylistView.swift */,
				89D8B84F28A02926006F799C /* PageView.swift */,
				898457A8289FFADA005309C5 /* AddFlashCardView.swift */,
				8926FC12289D841200252875 /* FlashCardView.swift */,
				8926FC0E289D83A400252875 /* SettingsView.swift */,
				898457A2289FF8CF005309C5 /* Enum.swift */,
				898457A6289FF997005309C5 /* DrawingConstants.swift */,
				8926FBFC289D7E5300252875 /* Assets.xcassets */,
				8926FBFE289D7E5300252875 /* Preview Content */,
			);
			path = FlashCard;
			sourceTree = "<group>";
		};
		8926FBFE289D7E5300252875 /* Preview Content */ = {
			isa = PBXGroup;
			children = (
				8926FBFF289D7E5300252875 /* Preview Assets.xcassets */,
			);
			path = "Preview Content";
			sourceTree = "<group>";
		};
/* End PBXGroup section */

/* Begin PBXNativeTarget section */
		8926FBF4289D7E5300252875 /* FlashCard */ = {
			isa = PBXNativeTarget;
			buildConfigurationList = 8926FC03289D7E5300252875 /* Build configuration list for PBXNativeTarget "FlashCard" */;
			buildPhases = (
				8926FBF1289D7E5300252875 /* Sources */,
				8926FBF2289D7E5300252875 /* Frameworks */,
				8926FBF3289D7E5300252875 /* Resources */,
			);
			buildRules = (
			);
			dependencies = (
			);
			name = FlashCard;
			productName = FlashCard;
			productReference = 8926FBF5289D7E5300252875 /* FlashCard.app */;
			productType = "com.apple.product-type.application";
		};
/* End PBXNativeTarget section */

/* Begin PBXProject section */
		8926FBED289D7E5300252875 /* Project object */ = {
			isa = PBXProject;
			attributes = {
				BuildIndependentTargetsInParallel = 1;
				LastSwiftUpdateCheck = 1340;
				LastUpgradeCheck = 1340;
				TargetAttributes = {
					8926FBF4289D7E5300252875 = {
						CreatedOnToolsVersion = 13.4.1;
					};
				};
			};
			buildConfigurationList = 8926FBF0289D7E5300252875 /* Build configuration list for PBXProject "FlashCard" */;
			compatibilityVersion = "Xcode 13.0";
			developmentRegion = en;
			hasScannedForEncodings = 0;
			knownRegions = (
				en,
				Base,
			);
			mainGroup = 8926FBEC289D7E5300252875;
			productRefGroup = 8926FBF6289D7E5300252875 /* Products */;
			projectDirPath = "";
			projectRoot = "";
			targets = (
				8926FBF4289D7E5300252875 /* FlashCard */,
			);
		};
/* End PBXProject section */

/* Begin PBXResourcesBuildPhase section */
		8926FBF3289D7E5300252875 /* Resources */ = {
			isa = PBXResourcesBuildPhase;
			buildActionMask = 2147483647;
			files = (
				8926FC00289D7E5300252875 /* Preview Assets.xcassets in Resources */,
				8926FBFD289D7E5300252875 /* Assets.xcassets in Resources */,
			);
			runOnlyForDeploymentPostprocessing = 0;
		};
/* End PBXResourcesBuildPhase section */

/* Begin PBXSourcesBuildPhase section */
		8926FBF1289D7E5300252875 /* Sources */ = {
			isa = PBXSourcesBuildPhase;
			buildActionMask = 2147483647;
			files = (
				8926FC0F289D83A400252875 /* SettingsView.swift in Sources */,
				8926FC13289D841200252875 /* FlashCardView.swift in Sources */,
				8926FC07289D7F2700252875 /* FlashCardModel.swift in Sources */,
				8926FC15289D84AF00252875 /* PlaylistView.swift in Sources */,
				8926FBFB289D7E5300252875 /* MainView.swift in Sources */,
				898457A3289FF8CF005309C5 /* Enum.swift in Sources */,
				898457A1289FF36F005309C5 /* WelcomeView.swift in Sources */,
				8926FBF9289D7E5300252875 /* FlashCardApp.swift in Sources */,
				8926FC09289D7FAD00252875 /* FlashCardViewModel.swift in Sources */,
				8926FC11289D83FC00252875 /* AddPlaylistView.swift in Sources */,
				898457A7289FF997005309C5 /* DrawingConstants.swift in Sources */,
				8926FC0B289D81A300252875 /* ListView.swift in Sources */,
				898457A9289FFADA005309C5 /* AddFlashCardView.swift in Sources */,
				89D8B85028A02926006F799C /* PageView.swift in Sources */,
			);
			runOnlyForDeploymentPostprocessing = 0;
		};
/* End PBXSourcesBuildPhase section */

/* Begin XCBuildConfiguration section */
		8926FC01289D7E5300252875 /* Debug */ = {
			isa = XCBuildConfiguration;
			buildSettings = {
				ALWAYS_SEARCH_USER_PATHS = NO;
				CLANG_ANALYZER_NONNULL = YES;
				CLANG_ANALYZER_NUMBER_OBJECT_CONVERSION = YES_AGGRESSIVE;
				CLANG_CXX_LANGUAGE_STANDARD = "gnu++17";
				CLANG_ENABLE_MODULES = YES;
				CLANG_ENABLE_OBJC_ARC = YES;
				CLANG_ENABLE_OBJC_WEAK = YES;
				CLANG_WARN_BLOCK_CAPTURE_AUTORELEASING = YES;
				CLANG_WARN_BOOL_CONVERSION = YES;
				CLANG_WARN_COMMA = YES;
				CLANG_WARN_CONSTANT_CONVERSION = YES;
				CLANG_WARN_DEPRECATED_OBJC_IMPLEMENTATIONS = YES;
				CLANG_WARN_DIRECT_OBJC_ISA_USAGE = YES_ERROR;
				CLANG_WARN_DOCUMENTATION_COMMENTS = YES;
				CLANG_WARN_EMPTY_BODY = YES;
				CLANG_WARN_ENUM_CONVERSION = YES;
				CLANG_WARN_INFINITE_RECURSION = YES;
				CLANG_WARN_INT_CONVERSION = YES;
				CLANG_WARN_NON_LITERAL_NULL_CONVERSION = YES;
				CLANG_WARN_OBJC_IMPLICIT_RETAIN_SELF = YES;
				CLANG_WARN_OBJC_LITERAL_CONVERSION = YES;
				CLANG_WARN_OBJC_ROOT_CLASS = YES_ERROR;
				CLANG_WARN_QUOTED_INCLUDE_IN_FRAMEWORK_HEADER = YES;
				CLANG_WARN_RANGE_LOOP_ANALYSIS = YES;
				CLANG_WARN_STRICT_PROTOTYPES = YES;
				CLANG_WARN_SUSPICIOUS_MOVE = YES;
				CLANG_WARN_UNGUARDED_AVAILABILITY = YES_AGGRESSIVE;
				CLANG_WARN_UNREACHABLE_CODE = YES;
				CLANG_WARN__DUPLICATE_METHOD_MATCH = YES;
				COPY_PHASE_STRIP = NO;
				DEBUG_INFORMATION_FORMAT = dwarf;
				ENABLE_STRICT_OBJC_MSGSEND = YES;
				ENABLE_TESTABILITY = YES;
				GCC_C_LANGUAGE_STANDARD = gnu11;
				GCC_DYNAMIC_NO_PIC = NO;
				GCC_NO_COMMON_BLOCKS = YES;
				GCC_OPTIMIZATION_LEVEL = 0;
				GCC_PREPROCESSOR_DEFINITIONS = (
					"DEBUG=1",
					"$(inherited)",
				);
				GCC_WARN_64_TO_32_BIT_CONVERSION = YES;
				GCC_WARN_ABOUT_RETURN_TYPE = YES_ERROR;
				GCC_WARN_UNDECLARED_SELECTOR = YES;
				GCC_WARN_UNINITIALIZED_AUTOS = YES_AGGRESSIVE;
				GCC_WARN_UNUSED_FUNCTION = YES;
				GCC_WARN_UNUSED_VARIABLE = YES;
				IPHONEOS_DEPLOYMENT_TARGET = 15.5;
				MTL_ENABLE_DEBUG_INFO = INCLUDE_SOURCE;
				MTL_FAST_MATH = YES;
				ONLY_ACTIVE_ARCH = YES;
				SDKROOT = iphoneos;
				SWIFT_ACTIVE_COMPILATION_CONDITIONS = DEBUG;
				SWIFT_OPTIMIZATION_LEVEL = "-Onone";
			};
			name = Debug;
		};
		8926FC02289D7E5300252875 /* Release */ = {
			isa = XCBuildConfiguration;
			buildSettings = {
				ALWAYS_SEARCH_USER_PATHS = NO;
				CLANG_ANALYZER_NONNULL = YES;
				CLANG_ANALYZER_NUMBER_OBJECT_CONVERSION = YES_AGGRESSIVE;
				CLANG_CXX_LANGUAGE_STANDARD = "gnu++17";
				CLANG_ENABLE_MODULES = YES;
				CLANG_ENABLE_OBJC_ARC = YES;
				CLANG_ENABLE_OBJC_WEAK = YES;
				CLANG_WARN_BLOCK_CAPTURE_AUTORELEASING = YES;
				CLANG_WARN_BOOL_CONVERSION = YES;
				CLANG_WARN_COMMA = YES;
				CLANG_WARN_CONSTANT_CONVERSION = YES;
				CLANG_WARN_DEPRECATED_OBJC_IMPLEMENTATIONS = YES;
				CLANG_WARN_DIRECT_OBJC_ISA_USAGE = YES_ERROR;
				CLANG_WARN_DOCUMENTATION_COMMENTS = YES;
				CLANG_WARN_EMPTY_BODY = YES;
				CLANG_WARN_ENUM_CONVERSION = YES;
				CLANG_WARN_INFINITE_RECURSION = YES;
				CLANG_WARN_INT_CONVERSION = YES;
				CLANG_WARN_NON_LITERAL_NULL_CONVERSION = YES;
				CLANG_WARN_OBJC_IMPLICIT_RETAIN_SELF = YES;
				CLANG_WARN_OBJC_LITERAL_CONVERSION = YES;
				CLANG_WARN_OBJC_ROOT_CLASS = YES_ERROR;
				CLANG_WARN_QUOTED_INCLUDE_IN_FRAMEWORK_HEADER = YES;
				CLANG_WARN_RANGE_LOOP_ANALYSIS = YES;
				CLANG_WARN_STRICT_PROTOTYPES = YES;
				CLANG_WARN_SUSPICIOUS_MOVE = YES;
				CLANG_WARN_UNGUARDED_AVAILABILITY = YES_AGGRESSIVE;
				CLANG_WARN_UNREACHABLE_CODE = YES;
				CLANG_WARN__DUPLICATE_METHOD_MATCH = YES;
				COPY_PHASE_STRIP = NO;
				DEBUG_INFORMATION_FORMAT = "dwarf-with-dsym";
				ENABLE_NS_ASSERTIONS = NO;
				ENABLE_STRICT_OBJC_MSGSEND = YES;
				GCC_C_LANGUAGE_STANDARD = gnu11;
				GCC_NO_COMMON_BLOCKS = YES;
				GCC_WARN_64_TO_32_BIT_CONVERSION = YES;
				GCC_WARN_ABOUT_RETURN_TYPE = YES_ERROR;
				GCC_WARN_UNDECLARED_SELECTOR = YES;
				GCC_WARN_UNINITIALIZED_AUTOS = YES_AGGRESSIVE;
				GCC_WARN_UNUSED_FUNCTION = YES;
				GCC_WARN_UNUSED_VARIABLE = YES;
				IPHONEOS_DEPLOYMENT_TARGET = 15.5;
				MTL_ENABLE_DEBUG_INFO = NO;
				MTL_FAST_MATH = YES;
				SDKROOT = iphoneos;
				SWIFT_COMPILATION_MODE = wholemodule;
				SWIFT_OPTIMIZATION_LEVEL = "-O";
				VALIDATE_PRODUCT = YES;
			};
			name = Release;
		};
		8926FC04289D7E5300252875 /* Debug */ = {
			isa = XCBuildConfiguration;
			buildSettings = {
				ASSETCATALOG_COMPILER_APPICON_NAME = AppIcon;
				ASSETCATALOG_COMPILER_GLOBAL_ACCENT_COLOR_NAME = AccentColor;
				CODE_SIGN_STYLE = Automatic;
				CURRENT_PROJECT_VERSION = 1;
				DEVELOPMENT_ASSET_PATHS = "\"FlashCard/Preview Content\"";
				DEVELOPMENT_TEAM = 53RUG3EFP4;
				ENABLE_PREVIEWS = YES;
				GENERATE_INFOPLIST_FILE = YES;
				INFOPLIST_KEY_UIApplicationSceneManifest_Generation = YES;
				INFOPLIST_KEY_UIApplicationSupportsIndirectInputEvents = YES;
				INFOPLIST_KEY_UILaunchScreen_Generation = YES;
				INFOPLIST_KEY_UISupportedInterfaceOrientations_iPad = "UIInterfaceOrientationPortrait UIInterfaceOrientationPortraitUpsideDown UIInterfaceOrientationLandscapeLeft UIInterfaceOrientationLandscapeRight";
				INFOPLIST_KEY_UISupportedInterfaceOrientations_iPhone = "UIInterfaceOrientationPortrait UIInterfaceOrientationLandscapeLeft UIInterfaceOrientationLandscapeRight";
				LD_RUNPATH_SEARCH_PATHS = (
					"$(inherited)",
					"@executable_path/Frameworks",
				);
				MARKETING_VERSION = 1.0;
				PRODUCT_BUNDLE_IDENTIFIER = FSIOS2022.FlashCard;
				PRODUCT_NAME = "$(TARGET_NAME)";
				SWIFT_EMIT_LOC_STRINGS = YES;
				SWIFT_VERSION = 5.0;
				TARGETED_DEVICE_FAMILY = "1,2";
			};
			name = Debug;
		};
		8926FC05289D7E5300252875 /* Release */ = {
			isa = XCBuildConfiguration;
			buildSettings = {
				ASSETCATALOG_COMPILER_APPICON_NAME = AppIcon;
				ASSETCATALOG_COMPILER_GLOBAL_ACCENT_COLOR_NAME = AccentColor;
				CODE_SIGN_STYLE = Automatic;
				CURRENT_PROJECT_VERSION = 1;
				DEVELOPMENT_ASSET_PATHS = "\"FlashCard/Preview Content\"";
				DEVELOPMENT_TEAM = 53RUG3EFP4;
				ENABLE_PREVIEWS = YES;
				GENERATE_INFOPLIST_FILE = YES;
				INFOPLIST_KEY_UIApplicationSceneManifest_Generation = YES;
				INFOPLIST_KEY_UIApplicationSupportsIndirectInputEvents = YES;
				INFOPLIST_KEY_UILaunchScreen_Generation = YES;
				INFOPLIST_KEY_UISupportedInterfaceOrientations_iPad = "UIInterfaceOrientationPortrait UIInterfaceOrientationPortraitUpsideDown UIInterfaceOrientationLandscapeLeft UIInterfaceOrientationLandscapeRight";
				INFOPLIST_KEY_UISupportedInterfaceOrientations_iPhone = "UIInterfaceOrientationPortrait UIInterfaceOrientationLandscapeLeft UIInterfaceOrientationLandscapeRight";
				LD_RUNPATH_SEARCH_PATHS = (
					"$(inherited)",
					"@executable_path/Frameworks",
				);
				MARKETING_VERSION = 1.0;
				PRODUCT_BUNDLE_IDENTIFIER = FSIOS2022.FlashCard;
				PRODUCT_NAME = "$(TARGET_NAME)";
				SWIFT_EMIT_LOC_STRINGS = YES;
				SWIFT_VERSION = 5.0;
				TARGETED_DEVICE_FAMILY = "1,2";
			};
			name = Release;
		};
/* End XCBuildConfiguration section */

/* Begin XCConfigurationList section */
		8926FBF0289D7E5300252875 /* Build configuration list for PBXProject "FlashCard" */ = {
			isa = XCConfigurationList;
			buildConfigurations = (
				8926FC01289D7E5300252875 /* Debug */,
				8926FC02289D7E5300252875 /* Release */,
			);
			defaultConfigurationIsVisible = 0;
			defaultConfigurationName = Release;
		};
		8926FC03289D7E5300252875 /* Build configuration list for PBXNativeTarget "FlashCard" */ = {
			isa = XCConfigurationList;
			buildConfigurations = (
				8926FC04289D7E5300252875 /* Debug */,
				8926FC05289D7E5300252875 /* Release */,
			);
			defaultConfigurationIsVisible = 0;
			defaultConfigurationName = Release;
		};
/* End XCConfigurationList section */
	};
	rootObject = 8926FBED289D7E5300252875 /* Project object */;
}
